
Microsoft Visual Studio Solution File, Format Version 12.00
# Visual Studio Version 16
VisualStudioVersion = 16.0.30907.101
MinimumVisualStudioVersion = 10.0.40219.1
Project("{9A19103F-16F7-4668-BE54-9A1E7A4F7556}") = "DataAccess", "DataAccess\DataAccess.csproj", "{55AF522A-FD43-4388-ABC6-93A6FEFD6B26}"
EndProject
Project("{9A19103F-16F7-4668-BE54-9A1E7A4F7556}") = "Business", "Business\Business.csproj", "{2F628CB4-7645-4854-BFDC-6E79B6CBB7AE}"
EndProject
Project("{9A19103F-16F7-4668-BE54-9A1E7A4F7556}") = "Entities", "Entities\Entities.csproj", "{F8B1BE5B-321D-46D3-A064-E555D85684EF}"
EndProject
Project("{9A19103F-16F7-4668-BE54-9A1E7A4F7556}") = "ConsoleUI", "ConsoleUI\ConsoleUI.csproj", "{67AB9F8E-3E1A-4F5D-BD43-10629A6F96A5}"
EndProject
Global
	GlobalSection(SolutionConfigurationPlatforms) = preSolution
		Debug|Any CPU = Debug|Any CPU
		Release|Any CPU = Release|Any CPU
	EndGlobalSection
	GlobalSection(ProjectConfigurationPlatforms) = postSolution
		{55AF522A-FD43-4388-ABC6-93A6FEFD6B26}.Debug|Any CPU.ActiveCfg = Debug|Any CPU
		{55AF522A-FD43-4388-ABC6-93A6FEFD6B26}.Debug|Any CPU.Build.0 = Debug|Any CPU
		{55AF522A-FD43-4388-ABC6-93A6FEFD6B26}.Release|Any CPU.ActiveCfg = Release|Any CPU
		{55AF522A-FD43-4388-ABC6-93A6FEFD6B26}.Release|Any CPU.Build.0 = Release|Any CPU
		{2F628CB4-7645-4854-BFDC-6E79B6CBB7AE}.Debug|Any CPU.ActiveCfg = Debug|Any CPU
		{2F628CB4-7645-4854-BFDC-6E79B6CBB7AE}.Debug|Any CPU.Build.0 = Debug|Any CPU
		{2F628CB4-7645-4854-BFDC-6E79B6CBB7AE}.Release|Any CPU.ActiveCfg = Release|Any CPU
		{2F628CB4-7645-4854-BFDC-6E79B6CBB7AE}.Release|Any CPU.Build.0 = Release|Any CPU
		{F8B1BE5B-321D-46D3-A064-E555D85684EF}.Debug|Any CPU.ActiveCfg = Debug|Any CPU
		{F8B1BE5B-321D-46D3-A064-E555D85684EF}.Debug|Any CPU.Build.0 = Debug|Any CPU
		{F8B1BE5B-321D-46D3-A064-E555D85684EF}.Release|Any CPU.ActiveCfg = Release|Any CPU
		{F8B1BE5B-321D-46D3-A064-E555D85684EF}.Release|Any CPU.Build.0 = Release|Any CPU
		{67AB9F8E-3E1A-4F5D-BD43-10629A6F96A5}.Debug|Any CPU.ActiveCfg = Debug|Any CPU
		{67AB9F8E-3E1A-4F5D-BD43-10629A6F96A5}.Debug|Any CPU.Build.0 = Debug|Any CPU
		{67AB9F8E-3E1A-4F5D-BD43-10629A6F96A5}.Release|Any CPU.ActiveCfg = Release|Any CPU
		{67AB9F8E-3E1A-4F5D-BD43-10629A6F96A5}.Release|Any CPU.Build.0 = Release|Any CPU
	EndGlobalSection
	GlobalSection(SolutionProperties) = preSolution
		HideSolutionNode = FALSE
	EndGlobalSection
	GlobalSection(ExtensibilityGlobals) = postSolution
		SolutionGuid = {D468E1BD-8159-400D-BF65-42AD38D0BBF8}
	EndGlobalSection
EndGlobal
